
Microsoft Visual Studio Solution File, Format Version 12.00
# Visual Studio 15
VisualStudioVersion = 15.0.27703.2047
MinimumVisualStudioVersion = 10.0.40219.1
Project("{FAE04EC0-301F-11D3-BF4B-00C04F79EFBC}") = "Etiqueter", "Etiqueter\Etiqueter.csproj", "{1F5AA60F-D298-4B30-B069-ED67C492B86C}"
EndProject
Global
	GlobalSection(SolutionConfigurationPlatforms) = preSolution
		Debug|Any CPU = Debug|Any CPU
		Release|Any CPU = Release|Any CPU
	EndGlobalSection
	GlobalSection(ProjectConfigurationPlatforms) = postSolution
		{1F5AA60F-D298-4B30-B069-ED67C492B86C}.Debug|Any CPU.ActiveCfg = Debug|Any CPU
		{1F5AA60F-D298-4B30-B069-ED67C492B86C}.Debug|Any CPU.Build.0 = Debug|Any CPU
		{1F5AA60F-D298-4B30-B069-ED67C492B86C}.Release|Any CPU.ActiveCfg = Release|Any CPU
		{1F5AA60F-D298-4B30-B069-ED67C492B86C}.Release|Any CPU.Build.0 = Release|Any CPU
	EndGlobalSection
	GlobalSection(SolutionProperties) = preSolution
		HideSolutionNode = FALSE
	EndGlobalSection
	GlobalSection(ExtensibilityGlobals) = postSolution
		SolutionGuid = {E06A3B10-2522-44B6-996D-52F9F7613DAF}
	EndGlobalSection
EndGlobal
